
Microsoft Visual Studio Solution File, Format Version 12.00
# Visual Studio 15
VisualStudioVersion = 15.0.27130.2036
MinimumVisualStudioVersion = 10.0.40219.1
Project("{FAE04EC0-301F-11D3-BF4B-00C04F79EFBC}") = "artWars.Helpers", "artWars.Helpers\artWars.Helpers.csproj", "{958AE292-CCE2-4A7A-B8A9-38A419A96C04}"
EndProject
Project("{FAE04EC0-301F-11D3-BF4B-00C04F79EFBC}") = "artWars.Web", "artWars.Web\artWars.Web.csproj", "{4D7CF727-6A1C-4DB2-A7EC-72A3E4D4ACA7}"
EndProject
Project("{FAE04EC0-301F-11D3-BF4B-00C04F79EFBC}") = "artWars.Domain", "artWars.Domain\artWars.Domain.csproj", "{70955E63-94C0-49F8-BAA8-1E68466F371F}"
EndProject
Project("{FAE04EC0-301F-11D3-BF4B-00C04F79EFBC}") = "artWars.BusinessLogic", "artWars.BusinessLogic\artWars.BusinessLogic.csproj", "{D86267B5-04B7-41DB-83F1-FCBFDA5B2913}"
EndProject
Global
	GlobalSection(SolutionConfigurationPlatforms) = preSolution
		Debug|Any CPU = Debug|Any CPU
		Release|Any CPU = Release|Any CPU
	EndGlobalSection
	GlobalSection(ProjectConfigurationPlatforms) = postSolution
		{958AE292-CCE2-4A7A-B8A9-38A419A96C04}.Debug|Any CPU.ActiveCfg = Debug|Any CPU
		{958AE292-CCE2-4A7A-B8A9-38A419A96C04}.Debug|Any CPU.Build.0 = Debug|Any CPU
		{958AE292-CCE2-4A7A-B8A9-38A419A96C04}.Release|Any CPU.ActiveCfg = Release|Any CPU
		{958AE292-CCE2-4A7A-B8A9-38A419A96C04}.Release|Any CPU.Build.0 = Release|Any CPU
		{4D7CF727-6A1C-4DB2-A7EC-72A3E4D4ACA7}.Debug|Any CPU.ActiveCfg = Debug|Any CPU
		{4D7CF727-6A1C-4DB2-A7EC-72A3E4D4ACA7}.Debug|Any CPU.Build.0 = Debug|Any CPU
		{4D7CF727-6A1C-4DB2-A7EC-72A3E4D4ACA7}.Release|Any CPU.ActiveCfg = Release|Any CPU
		{4D7CF727-6A1C-4DB2-A7EC-72A3E4D4ACA7}.Release|Any CPU.Build.0 = Release|Any CPU
		{70955E63-94C0-49F8-BAA8-1E68466F371F}.Debug|Any CPU.ActiveCfg = Debug|Any CPU
		{70955E63-94C0-49F8-BAA8-1E68466F371F}.Debug|Any CPU.Build.0 = Debug|Any CPU
		{70955E63-94C0-49F8-BAA8-1E68466F371F}.Release|Any CPU.ActiveCfg = Release|Any CPU
		{70955E63-94C0-49F8-BAA8-1E68466F371F}.Release|Any CPU.Build.0 = Release|Any CPU
		{D86267B5-04B7-41DB-83F1-FCBFDA5B2913}.Debug|Any CPU.ActiveCfg = Debug|Any CPU
		{D86267B5-04B7-41DB-83F1-FCBFDA5B2913}.Debug|Any CPU.Build.0 = Debug|Any CPU
		{D86267B5-04B7-41DB-83F1-FCBFDA5B2913}.Release|Any CPU.ActiveCfg = Release|Any CPU
		{D86267B5-04B7-41DB-83F1-FCBFDA5B2913}.Release|Any CPU.Build.0 = Release|Any CPU
	EndGlobalSection
	GlobalSection(SolutionProperties) = preSolution
		HideSolutionNode = FALSE
	EndGlobalSection
	GlobalSection(ExtensibilityGlobals) = postSolution
		SolutionGuid = {CE73F4D2-D39F-4C09-83BE-8CE8991CFD6D}
	EndGlobalSection
EndGlobal
